
Microsoft Visual Studio Solution File, Format Version 12.00
# Visual Studio Version 17
VisualStudioVersion = 17.4.33110.190
MinimumVisualStudioVersion = 10.0.40219.1
Project("{FAE04EC0-301F-11D3-BF4B-00C04F79EFBC}") = "CancellationWithExceptionFilter", "CancellationWithExceptionFilter\CancellationWithExceptionFilter.csproj", "{64CF60A1-1A71-4B47-8208-5F7E6EDB3716}"
EndProject
Global
	GlobalSection(SolutionConfigurationPlatforms) = preSolution
		Debug|Any CPU = Debug|Any CPU
		Release|Any CPU = Release|Any CPU
	EndGlobalSection
	GlobalSection(ProjectConfigurationPlatforms) = postSolution
		{64CF60A1-1A71-4B47-8208-5F7E6EDB3716}.Debug|Any CPU.ActiveCfg = Debug|Any CPU
		{64CF60A1-1A71-4B47-8208-5F7E6EDB3716}.Debug|Any CPU.Build.0 = Debug|Any CPU
		{64CF60A1-1A71-4B47-8208-5F7E6EDB3716}.Release|Any CPU.ActiveCfg = Release|Any CPU
		{64CF60A1-1A71-4B47-8208-5F7E6EDB3716}.Release|Any CPU.Build.0 = Release|Any CPU
	EndGlobalSection
	GlobalSection(SolutionProperties) = preSolution
		HideSolutionNode = FALSE
	EndGlobalSection
	GlobalSection(ExtensibilityGlobals) = postSolution
		SolutionGuid = {F8481329-89B2-4B86-956C-6B852C56918C}
	EndGlobalSection
EndGlobal
